
Microsoft Visual Studio Solution File, Format Version 12.00
# Visual Studio Version 16
VisualStudioVersion = 16.0.30225.117
MinimumVisualStudioVersion = 10.0.40219.1
Project("{FAE04EC0-301F-11D3-BF4B-00C04F79EFBC}") = "TiendasTemporadasEjercicio", "TiendasTemporadasEjercicio\TiendasTemporadasEjercicio.csproj", "{316C84FE-6575-41F6-A45B-267A0391E9B3}"
EndProject
Global
	GlobalSection(SolutionConfigurationPlatforms) = preSolution
		Debug|Any CPU = Debug|Any CPU
		Release|Any CPU = Release|Any CPU
	EndGlobalSection
	GlobalSection(ProjectConfigurationPlatforms) = postSolution
		{316C84FE-6575-41F6-A45B-267A0391E9B3}.Debug|Any CPU.ActiveCfg = Debug|Any CPU
		{316C84FE-6575-41F6-A45B-267A0391E9B3}.Debug|Any CPU.Build.0 = Debug|Any CPU
		{316C84FE-6575-41F6-A45B-267A0391E9B3}.Release|Any CPU.ActiveCfg = Release|Any CPU
		{316C84FE-6575-41F6-A45B-267A0391E9B3}.Release|Any CPU.Build.0 = Release|Any CPU
	EndGlobalSection
	GlobalSection(SolutionProperties) = preSolution
		HideSolutionNode = FALSE
	EndGlobalSection
	GlobalSection(ExtensibilityGlobals) = postSolution
		SolutionGuid = {C29280ED-4A5F-4861-925E-044FE182975D}
	EndGlobalSection
EndGlobal
